
Microsoft Visual Studio Solution File, Format Version 12.00
# Visual Studio Version 16
VisualStudioVersion = 16.0.31729.503
MinimumVisualStudioVersion = 10.0.40219.1
Project("{D2ABAB84-BF74-430A-B69E-9DC6D40DDA17}") = "Task_0", "Task_0.dwproj", "{68268386-80A1-4376-B1C8-C0E4752A8E69}"
EndProject
Global
	GlobalSection(SolutionConfigurationPlatforms) = preSolution
		Development|Default = Development|Default
	EndGlobalSection
	GlobalSection(ProjectConfigurationPlatforms) = postSolution
		{68268386-80A1-4376-B1C8-C0E4752A8E69}.Development|Default.ActiveCfg = Development
		{68268386-80A1-4376-B1C8-C0E4752A8E69}.Development|Default.Build.0 = Development
		{68268386-80A1-4376-B1C8-C0E4752A8E69}.Development|Default.Deploy.0 = Development
	EndGlobalSection
	GlobalSection(SolutionProperties) = preSolution
		HideSolutionNode = FALSE
	EndGlobalSection
	GlobalSection(ExtensibilityGlobals) = postSolution
		SolutionGuid = {63290030-EC1A-4F31-8706-08CEAD303AE5}
	EndGlobalSection
EndGlobal
